lockfileVersion: 5.4

specifiers:
  '@sveltejs/vite-plugin-svelte': ^1.0.0-next.30
  '@tsconfig/svelte': ^2.0.1
  attractions: ^3.7.0
  concurrently: ^7.2.1
  extendable-media-recorder: ^6.6.7
  extendable-media-recorder-wav-encoder: ^7.0.73
  sass: ^1.52.2
  socket.io-client: ^4.5.1
  svelte: ^3.44.0
  svelte-check: ^2.2.7
  svelte-preprocess: ^4.9.8
  tslib: ^2.3.1
  typescript: ^4.5.4
  vite: ^2.9.9

dependencies:
  extendable-media-recorder: 6.6.7
  extendable-media-recorder-wav-encoder: 7.0.73
  socket.io-client: 4.5.1

devDependencies:
  '@sveltejs/vite-plugin-svelte': 1.0.0-next.47_svelte@3.48.0+vite@2.9.9
  '@tsconfig/svelte': 2.0.1
  attractions: 3.7.0_7ymxzwbnkfbhbwegl3ykspvq34
  concurrently: 7.2.1
  sass: 1.52.2
  svelte: 3.48.0
  svelte-check: 2.7.2_sass@1.52.2+svelte@3.48.0
  svelte-preprocess: 4.10.7_qkexsrbgfwouorfsttztq6wl2m
  tslib: 2.4.0
  typescript: 4.7.3
  vite: 2.9.9_sass@1.52.2

packages:

  /@babel/runtime/7.18.3:
    resolution: {integrity: sha512-38Y8f7YUhce/K7RMwTp7m0uCumpv9hZkitCbBClqQIow1qSbCvGkcegKOXpEWCQLfWmevgRiWokZ1GkpfhbZug==}
    engines: {node: '>=6.9.0'}
    dependencies:
      regenerator-runtime: 0.13.9
    dev: false

  /@jridgewell/resolve-uri/3.0.7:
    resolution: {integrity: sha512-8cXDaBBHOr2pQ7j77Y6Vp5VDT2sIqWyWQ56TjEq4ih/a4iST3dItRe8Q9fp0rrIl9DoKhWQtUQz/YpOxLkXbNA==}
    engines: {node: '>=6.0.0'}
    dev: true

  /@jridgewell/sourcemap-codec/1.4.13:
    resolution: {integrity: sha512-GryiOJmNcWbovBxTfZSF71V/mXbgcV3MewDe3kIMCLyIh5e7SKAeUZs+rMnJ8jkMolZ/4/VsdBmMrw3l+VdZ3w==}
    dev: true

  /@jridgewell/trace-mapping/0.3.13:
    resolution: {integrity: sha512-o1xbKhp9qnIAoHJSWd6KlCZfqslL4valSF81H8ImioOAxluWYWOpWkpyktY2vnt4tbrX9XYaxovq6cgowaJp2w==}
    dependencies:
      '@jridgewell/resolve-uri': 3.0.7
      '@jridgewell/sourcemap-codec': 1.4.13
    dev: true

  /@nodelib/fs.scandir/2.1.5:
    resolution: {integrity: sha512-vq24Bq3ym5HEQm2NKCr3yXDwjc7vTsEThRDnkp2DK9p1uqLR+DHurm/NOTo0KG7HYHU7eppKZj3MyqYuMBf62g==}
    engines: {node: '>= 8'}
    dependencies:
      '@nodelib/fs.stat': 2.0.5
      run-parallel: 1.2.0
    dev: true

  /@nodelib/fs.stat/2.0.5:
    resolution: {integrity: sha512-RkhPPp2zrqDAQA/2jNhnztcPAlv64XdhIp7a7454A5ovI7Bukxgt7MX7udwAu3zg1DcpPU0rz3VV1SeaqvY4+A==}
    engines: {node: '>= 8'}
    dev: true

  /@nodelib/fs.walk/1.2.8:
    resolution: {integrity: sha512-oGB+UxlgWcgQkgwo8GcEGwemoTFt3FIO9ababBmaGwXIoBKZ+GTy0pP185beGg7Llih/NSHSV2XAs1lnznocSg==}
    engines: {node: '>= 8'}
    dependencies:
      '@nodelib/fs.scandir': 2.1.5
      fastq: 1.13.0
    dev: true

  /@rollup/pluginutils/4.2.1:
    resolution: {integrity: sha512-iKnFXr7NkdZAIHiIWE+BX5ULi/ucVFYWD6TbAV+rZctiRTY2PL6tsIKhoIOaoskiWAkgu+VsbXgUVDNLHf+InQ==}
    engines: {node: '>= 8.0.0'}
    dependencies:
      estree-walker: 2.0.2
      picomatch: 2.3.1
    dev: true

  /@socket.io/component-emitter/3.1.0:
    resolution: {integrity: sha512-+9jVqKhRSpsc591z5vX+X5Yyw+he/HCB4iQ/RYxw35CEPaY1gnsNE43nf9n9AaYjAQrTiI/mOwKUKdUs9vf7Xg==}
    dev: false

  /@sveltejs/vite-plugin-svelte/1.0.0-next.47_svelte@3.48.0+vite@2.9.9:
    resolution: {integrity: sha512-J6n8UN51aq/TEZGQ89/EtdXTtca3cRcTJGzi6fi+xK8LkgsHQLCZhRj+PJ+swktRSWTX9IOmQS55SqVg6bz5fA==}
    engines: {node: ^14.13.1 || >= 16}
    peerDependencies:
      diff-match-patch: ^1.0.5
      svelte: ^3.44.0
      vite: ^2.9.0
    peerDependenciesMeta:
      diff-match-patch:
        optional: true
    dependencies:
      '@rollup/pluginutils': 4.2.1
      debug: 4.3.4
      deepmerge: 4.2.2
      kleur: 4.1.4
      magic-string: 0.26.2
      svelte: 3.48.0
      svelte-hmr: 0.14.12_svelte@3.48.0
      vite: 2.9.9_sass@1.52.2
    transitivePeerDependencies:
      - supports-color
    dev: true

  /@tsconfig/svelte/2.0.1:
    resolution: {integrity: sha512-aqkICXbM1oX5FfgZd2qSSAGdyo/NRxjWCamxoyi3T8iVQnzGge19HhDYzZ6NrVOW7bhcWNSq9XexWFtMzbB24A==}
    dev: true

  /@types/node/17.0.40:
    resolution: {integrity: sha512-UXdBxNGqTMtm7hCwh9HtncFVLrXoqA3oJW30j6XWp5BH/wu3mVeaxo7cq5benFdBw34HB3XDT2TRPI7rXZ+mDg==}
    dev: true

  /@types/pug/2.0.6:
    resolution: {integrity: sha512-SnHmG9wN1UVmagJOnyo/qkk0Z7gejYxOYYmaAwr5u2yFYfsupN3sg10kyzN8Hep/2zbHxCnsumxOoRIRMBwKCg==}
    dev: true

  /@types/sass/1.43.1:
    resolution: {integrity: sha512-BPdoIt1lfJ6B7rw35ncdwBZrAssjcwzI5LByIrYs+tpXlj/CAkuVdRsgZDdP4lq5EjyWzwxZCqAoFyHKFwp32g==}
    dependencies:
      '@types/node': 17.0.40
    dev: true

  /ansi-regex/5.0.1:
    resolution: {integrity: sha512-quJQXlTSUGL2LH9SUXo8VwsY4soanhgo6LNSm84E1LBcE8s3O0wpdiRzyR9z/ZZJMlMWv37qOOb9pdJlMUEKFQ==}
    engines: {node: '>=8'}
    dev: true

  /ansi-styles/4.3.0:
    resolution: {integrity: sha512-zbB9rCJAT1rbjiVDb2hqKFHNYLxgtk8NURxZ3IZwD3F6NtxbXZQCnnSi1Lkx+IDohdPlFp222wVALIheZJQSEg==}
    engines: {node: '>=8'}
    dependencies:
      color-convert: 2.0.1
    dev: true

  /anymatch/3.1.2:
    resolution: {integrity: sha512-P43ePfOAIupkguHUycrc4qJ9kz8ZiuOUijaETwX7THt0Y/GNK7v0aa8rY816xWjZ7rJdA5XdMcpVFTKMq+RvWg==}
    engines: {node: '>= 8'}
    dependencies:
      normalize-path: 3.0.0
      picomatch: 2.3.1
    dev: true

  /attractions/3.7.0_7ymxzwbnkfbhbwegl3ykspvq34:
    resolution: {integrity: sha512-Se8fyAr80gHJf0qClk2cK7hndjHPU0X6netBbau/g0rBPC+L6HxKAYVqwYfb5pTXxtFx6k63Uvj0LDL/6/P3rg==}
    peerDependencies:
      postcss: '>=7 <9'
      sass: '>=1.33.0'
      svelte: ^3.31.0
      svelte-preprocess: ^4.0.10
    dependencies:
      sass: 1.52.2
      svelte: 3.48.0
      svelte-preprocess: 4.10.7_qkexsrbgfwouorfsttztq6wl2m
    dev: true

  /automation-events/4.0.19:
    resolution: {integrity: sha512-e8ALmWdXSkDAtDVkmqLcCDMfMMvHcPTwsg+1GsxEO8+Cyg7FQs7F3VKifzdRTADVU6S1aqlPzDE3+KLFsH0sxA==}
    engines: {node: '>=12.20.1'}
    dependencies:
      '@babel/runtime': 7.18.3
      tslib: 2.4.0
    dev: false

  /balanced-match/1.0.2:
    resolution: {integrity: sha512-3oSeUO0TMV67hN1AmbXsK4yaqU7tjiHlbxRDZOpH0KW9+CeX4bRAaX0Anxt0tx2MrpRpWwQaPwIlISEJhYU5Pw==}
    dev: true

  /binary-extensions/2.2.0:
    resolution: {integrity: sha512-jDctJ/IVQbZoJykoeHbhXpOlNBqGNcwXJKJog42E5HDPUwQTSdjCHdihjj0DlnheQ7blbT6dHOafNAiS8ooQKA==}
    engines: {node: '>=8'}
    dev: true

  /brace-expansion/1.1.11:
    resolution: {integrity: sha512-iCuPHDFgrHX7H2vEI/5xpz07zSHB00TpugqhmYtVmMO6518mCuRMoOYFldEBl0g187ufozdaHgWKcYFb61qGiA==}
    dependencies:
      balanced-match: 1.0.2
      concat-map: 0.0.1
    dev: true

  /braces/3.0.2:
    resolution: {integrity: sha512-b8um+L1RzM3WDSzvhm6gIz1yfTbBt6YTlcEKAvsmqCZZFw46z626lVj9j1yEPW33H5H+lBQpZMP1k8l+78Ha0A==}
    engines: {node: '>=8'}
    dependencies:
      fill-range: 7.0.1
    dev: true

  /broker-factory/3.0.65:
    resolution: {integrity: sha512-0z8YLszaRFN3Q91oPjjSXUXmsRQFqEJN9wduzQh9snlYght+BhnPDaGJ3FSkgepBdmgeNCDwCAmG1WMczYW+sQ==}
    dependencies:
      '@babel/runtime': 7.18.3
      fast-unique-numbers: 6.0.18
      tslib: 2.4.0
      worker-factory: 6.0.65
    dev: false

  /buffer-crc32/0.2.13:
    resolution: {integrity: sha512-VO9Ht/+p3SN7SKWqcrgEzjGbRSJYTx+Q1pTQC0wrWqHx0vpJraQ6GtHx8tvcg1rlK1byhU5gccxgOgj7B0TDkQ==}
    dev: true

  /callsites/3.1.0:
    resolution: {integrity: sha512-P8BjAsXvZS+VIDUI11hHCQEv74YT67YUi5JJFNWIqL235sBmjX4+qx9Muvls5ivyNENctx46xQLQ3aTuE7ssaQ==}
    engines: {node: '>=6'}
    dev: true

  /chalk/4.1.2:
    resolution: {integrity: sha512-oKnbhFyRIXpUuez8iBMmyEa4nbj4IOQyuhc/wy9kY7/WVPcwIO9VA668Pu8RkO7+0G76SLROeyw9CpQ061i4mA==}
    engines: {node: '>=10'}
    dependencies:
      ansi-styles: 4.3.0
      supports-color: 7.2.0
    dev: true

  /chokidar/3.5.3:
    resolution: {integrity: sha512-Dr3sfKRP6oTcjf2JmUmFJfeVMvXBdegxB0iVQ5eb2V10uFJUCAS8OByZdVAyVb8xXNz3GjjTgj9kLWsZTqE6kw==}
    engines: {node: '>= 8.10.0'}
    dependencies:
      anymatch: 3.1.2
      braces: 3.0.2
      glob-parent: 5.1.2
      is-binary-path: 2.1.0
      is-glob: 4.0.3
      normalize-path: 3.0.0
      readdirp: 3.6.0
    optionalDependencies:
      fsevents: 2.3.2
    dev: true

  /cliui/7.0.4:
    resolution: {integrity: sha512-OcRE68cOsVMXp1Yvonl/fzkQOyjLSu/8bhPDfQt0e0/Eb283TKP20Fs2MqoPsr9SwA595rRCA+QMzYc9nBP+JQ==}
    dependencies:
      string-width: 4.2.3
      strip-ansi: 6.0.1
      wrap-ansi: 7.0.0
    dev: true

  /color-convert/2.0.1:
    resolution: {integrity: sha512-RRECPsj7iu/xb5oKYcsFHSppFNnsj/52OVTRKb4zP5onXwVF3zVmmToNcOfGC+CRDpfK/U584fMg38ZHCaElKQ==}
    engines: {node: '>=7.0.0'}
    dependencies:
      color-name: 1.1.4
    dev: true

  /color-name/1.1.4:
    resolution: {integrity: sha512-dOy+3AuW3a2wNbZHIuMZpTcgjGuLU/uBL/ubcZF9OXbDo8ff4O8yVp5Bf0efS8uEoYo5q4Fx7dY9OgQGXgAsQA==}
    dev: true

  /compilerr/9.0.19:
    resolution: {integrity: sha512-SyL2BuRMMXWFXQUxvwZN/BfGGaDMqaWfbv3Y2r1Ig85pgf7UWsju2gl2pNLpehBvQ8oQz2v+eIgE2t4u3N5ZbA==}
    engines: {node: '>=12.20.1'}
    dependencies:
      '@babel/runtime': 7.18.3
      dashify: 2.0.0
      indefinite-article: 0.0.2
      tslib: 2.4.0
    dev: false

  /concat-map/0.0.1:
    resolution: {integrity: sha1-2Klr13/Wjfd5OnMDajug1UBdR3s=}
    dev: true

  /concurrently/7.2.1:
    resolution: {integrity: sha512-7cab/QyqipqghrVr9qZmoWbidu0nHsmxrpNqQ7r/67vfl1DWJElexehQnTH1p+87tDkihaAjM79xTZyBQh7HLw==}
    engines: {node: ^12.20.0 || ^14.13.0 || >=16.0.0}
    hasBin: true
    dependencies:
      chalk: 4.1.2
      date-fns: 2.28.0
      lodash: 4.17.21
      rxjs: 6.6.7
      shell-quote: 1.7.3
      spawn-command: 0.0.2-1
      supports-color: 8.1.1
      tree-kill: 1.2.2
      yargs: 17.5.1
    dev: true

  /dashify/2.0.0:
    resolution: {integrity: sha512-hpA5C/YrPjucXypHPPc0oJ1l9Hf6wWbiOL7Ik42cxnsUOhWiCB/fylKbKqqJalW9FgkNQCw16YO8uW9Hs0Iy1A==}
    engines: {node: '>=4'}
    dev: false

  /date-fns/2.28.0:
    resolution: {integrity: sha512-8d35hViGYx/QH0icHYCeLmsLmMUheMmTyV9Fcm6gvNwdw31yXXH+O85sOBJ+OLnLQMKZowvpKb6FgMIQjcpvQw==}
    engines: {node: '>=0.11'}
    dev: true

  /debug/4.3.4:
    resolution: {integrity: sha512-PRWFHuSU3eDtQJPvnNY7Jcket1j0t5OuOsFzPPzsekD52Zl8qUfFIPEiswXqIvHWGVHOgX+7G/vCNNhehwxfkQ==}
    engines: {node: '>=6.0'}
    peerDependencies:
      supports-color: '*'
    peerDependenciesMeta:
      supports-color:
        optional: true
    dependencies:
      ms: 2.1.2

  /deepmerge/4.2.2:
    resolution: {integrity: sha512-FJ3UgI4gIl+PHZm53knsuSFpE+nESMr7M4v9QcgB7S63Kj/6WqMiFQJpBBYz1Pt+66bZpP3Q7Lye0Oo9MPKEdg==}
    engines: {node: '>=0.10.0'}
    dev: true

  /detect-indent/6.1.0:
    resolution: {integrity: sha512-reYkTUJAZb9gUuZ2RvVCNhVHdg62RHnJ7WJl8ftMi4diZ6NWlciOzQN88pUhSELEwflJht4oQDv0F0BMlwaYtA==}
    engines: {node: '>=8'}
    dev: true

  /emoji-regex/8.0.0:
    resolution: {integrity: sha512-MSjYzcWNOA0ewAHpz0MxpYFvwg6yjy1NG3xteoqz644VCo/RPgnr1/GGt+ic3iJTzQ8Eu3TdM14SawnVUmGE6A==}
    dev: true

  /engine.io-client/6.2.2:
    resolution: {integrity: sha512-8ZQmx0LQGRTYkHuogVZuGSpDqYZtCM/nv8zQ68VZ+JkOpazJ7ICdsSpaO6iXwvaU30oFg5QJOJWj8zWqhbKjkQ==}
    dependencies:
      '@socket.io/component-emitter': 3.1.0
      debug: 4.3.4
      engine.io-parser: 5.0.4
      ws: 8.2.3
      xmlhttprequest-ssl: 2.0.0
    transitivePeerDependencies:
      - bufferutil
      - supports-color
      - utf-8-validate
    dev: false

  /engine.io-parser/5.0.4:
    resolution: {integrity: sha512-+nVFp+5z1E3HcToEnO7ZIj3g+3k9389DvWtvJZz0T6/eOCPIyyxehFcedoYrZQrp0LgQbD9pPXhpMBKMd5QURg==}
    engines: {node: '>=10.0.0'}
    dev: false

  /es6-promise/3.3.1:
    resolution: {integrity: sha512-SOp9Phqvqn7jtEUxPWdWfWoLmyt2VaJ6MpvP9Comy1MceMXqE6bxvaTu4iaxpYYPzhny28Lc+M87/c2cPK6lDg==}
    dev: true

  /esbuild-android-64/0.14.42:
    resolution: {integrity: sha512-P4Y36VUtRhK/zivqGVMqhptSrFILAGlYp0Z8r9UQqHJ3iWztRCNWnlBzD9HRx0DbueXikzOiwyOri+ojAFfW6A==}
    engines: {node: '>=12'}
    cpu: [x64]
    os: [android]
    requiresBuild: true
    dev: true
    optional: true

  /esbuild-android-arm64/0.14.42:
    resolution: {integrity: sha512-0cOqCubq+RWScPqvtQdjXG3Czb3AWI2CaKw3HeXry2eoA2rrPr85HF7IpdU26UWdBXgPYtlTN1LUiuXbboROhg==}
    engines: {node: '>=12'}
    cpu: [arm64]
    os: [android]
    requiresBuild: true
    dev: true
    optional: true

  /esbuild-darwin-64/0.14.42:
    resolution: {integrity: sha512-ipiBdCA3ZjYgRfRLdQwP82rTiv/YVMtW36hTvAN5ZKAIfxBOyPXY7Cejp3bMXWgzKD8B6O+zoMzh01GZsCuEIA==}
    engines: {node: '>=12'}
    cpu: [x64]
    os: [darwin]
    requiresBuild: true
    dev: true
    optional: true

  /esbuild-darwin-arm64/0.14.42:
    resolution: {integrity: sha512-bU2tHRqTPOaoH/4m0zYHbFWpiYDmaA0gt90/3BMEFaM0PqVK/a6MA2V/ypV5PO0v8QxN6gH5hBPY4YJ2lopXgA==}
    engines: {node: '>=12'}
    cpu: [arm64]
    os: [darwin]
    requiresBuild: true
    dev: true
    optional: true

  /esbuild-freebsd-64/0.14.42:
    resolution: {integrity: sha512-75h1+22Ivy07+QvxHyhVqOdekupiTZVLN1PMwCDonAqyXd8TVNJfIRFrdL8QmSJrOJJ5h8H1I9ETyl2L8LQDaw==}
    engines: {node: '>=12'}
    cpu: [x64]
    os: [freebsd]
    requiresBuild: true
    dev: true
    optional: true

  /esbuild-freebsd-arm64/0.14.42:
    resolution: {integrity: sha512-W6Jebeu5TTDQMJUJVarEzRU9LlKpNkPBbjqSu+GUPTHDCly5zZEQq9uHkmHHl7OKm+mQ2zFySN83nmfCeZCyNA==}
    engines: {node: '>=12'}
    cpu: [arm64]
    os: [freebsd]
    requiresBuild: true
    dev: true
    optional: true

  /esbuild-linux-32/0.14.42:
    resolution: {integrity: sha512-Ooy/Bj+mJ1z4jlWcK5Dl6SlPlCgQB9zg1UrTCeY8XagvuWZ4qGPyYEWGkT94HUsRi2hKsXvcs6ThTOjBaJSMfg==}
    engines: {node: '>=12'}
    cpu: [ia32]
    os: [linux]
    requiresBuild: true
    dev: true
    optional: true

  /esbuild-linux-64/0.14.42:
    resolution: {integrity: sha512-2L0HbzQfbTuemUWfVqNIjOfaTRt9zsvjnme6lnr7/MO9toz/MJ5tZhjqrG6uDWDxhsaHI2/nsDgrv8uEEN2eoA==}
    engines: {node: '>=12'}
    cpu: [x64]
    os: [linux]
    requiresBuild: true
    dev: true
    optional: true

  /esbuild-linux-arm/0.14.42:
    resolution: {integrity: sha512-STq69yzCMhdRaWnh29UYrLSr/qaWMm/KqwaRF1pMEK7kDiagaXhSL1zQGXbYv94GuGY/zAwzK98+6idCMUOOCg==}
    engines: {node: '>=12'}
    cpu: [arm]
    os: [linux]
    requiresBuild: true
    dev: true
    optional: true

  /esbuild-linux-arm64/0.14.42:
    resolution: {integrity: sha512-c3Ug3e9JpVr8jAcfbhirtpBauLxzYPpycjWulD71CF6ZSY26tvzmXMJYooQ2YKqDY4e/fPu5K8bm7MiXMnyxuA==}
    engines: {node: '>=12'}
    cpu: [arm64]
    os: [linux]
    requiresBuild: true
    dev: true
    optional: true

  /esbuild-linux-mips64le/0.14.42:
    resolution: {integrity: sha512-QuvpHGbYlkyXWf2cGm51LBCHx6eUakjaSrRpUqhPwjh/uvNUYvLmz2LgPTTPwCqaKt0iwL+OGVL0tXA5aDbAbg==}
    engines: {node: '>=12'}
    cpu: [mips64el]
    os: [linux]
    requiresBuild: true
    dev: true
    optional: true

  /esbuild-linux-ppc64le/0.14.42:
    resolution: {integrity: sha512-8ohIVIWDbDT+i7lCx44YCyIRrOW1MYlks9fxTo0ME2LS/fxxdoJBwHWzaDYhjvf8kNpA+MInZvyOEAGoVDrMHg==}
    engines: {node: '>=12'}
    cpu: [ppc64]
    os: [linux]
    requiresBuild: true
    dev: true
    optional: true

  /esbuild-linux-riscv64/0.14.42:
    resolution: {integrity: sha512-DzDqK3TuoXktPyG1Lwx7vhaF49Onv3eR61KwQyxYo4y5UKTpL3NmuarHSIaSVlTFDDpcIajCDwz5/uwKLLgKiQ==}
    engines: {node: '>=12'}
    cpu: [riscv64]
    os: [linux]
    requiresBuild: true
    dev: true
    optional: true

  /esbuild-linux-s390x/0.14.42:
    resolution: {integrity: sha512-YFRhPCxl8nb//Wn6SiS5pmtplBi4z9yC2gLrYoYI/tvwuB1jldir9r7JwAGy1Ck4D7sE7wBN9GFtUUX/DLdcEQ==}
    engines: {node: '>=12'}
    cpu: [s390x]
    os: [linux]
    requiresBuild: true
    dev: true
    optional: true

  /esbuild-netbsd-64/0.14.42:
    resolution: {integrity: sha512-QYSD2k+oT9dqB/4eEM9c+7KyNYsIPgzYOSrmfNGDIyJrbT1d+CFVKvnKahDKNJLfOYj8N4MgyFaU9/Ytc6w5Vw==}
    engines: {node: '>=12'}
    cpu: [x64]
    os: [netbsd]
    requiresBuild: true
    dev: true
    optional: true

  /esbuild-openbsd-64/0.14.42:
    resolution: {integrity: sha512-M2meNVIKWsm2HMY7+TU9AxM7ZVwI9havdsw6m/6EzdXysyCFFSoaTQ/Jg03izjCsK17FsVRHqRe26Llj6x0MNA==}
    engines: {node: '>=12'}
    cpu: [x64]
    os: [openbsd]
    requiresBuild: true
    dev: true
    optional: true

  /esbuild-sunos-64/0.14.42:
    resolution: {integrity: sha512-uXV8TAZEw36DkgW8Ak3MpSJs1ofBb3Smkc/6pZ29sCAN1KzCAQzsje4sUwugf+FVicrHvlamCOlFZIXgct+iqQ==}
    engines: {node: '>=12'}
    cpu: [x64]
    os: [sunos]
    requiresBuild: true
    dev: true
    optional: true

  /esbuild-windows-32/0.14.42:
    resolution: {integrity: sha512-4iw/8qWmRICWi9ZOnJJf9sYt6wmtp3hsN4TdI5NqgjfOkBVMxNdM9Vt3626G1Rda9ya2Q0hjQRD9W1o+m6Lz6g==}
    engines: {node: '>=12'}
    cpu: [ia32]
    os: [win32]
    requiresBuild: true
    dev: true
    optional: true

  /esbuild-windows-64/0.14.42:
    resolution: {integrity: sha512-j3cdK+Y3+a5H0wHKmLGTJcq0+/2mMBHPWkItR3vytp/aUGD/ua/t2BLdfBIzbNN9nLCRL9sywCRpOpFMx3CxzA==}
    engines: {node: '>=12'}
    cpu: [x64]
    os: [win32]
    requiresBuild: true
    dev: true
    optional: true

  /esbuild-windows-arm64/0.14.42:
    resolution: {integrity: sha512-+lRAARnF+hf8J0mN27ujO+VbhPbDqJ8rCcJKye4y7YZLV6C4n3pTRThAb388k/zqF5uM0lS5O201u0OqoWSicw==}
    engines: {node: '>=12'}
    cpu: [arm64]
    os: [win32]
    requiresBuild: true
    dev: true
    optional: true

  /esbuild/0.14.42:
    resolution: {integrity: sha512-V0uPZotCEHokJdNqyozH6qsaQXqmZEOiZWrXnds/zaH/0SyrIayRXWRB98CENO73MIZ9T3HBIOsmds5twWtmgw==}
    engines: {node: '>=12'}
    hasBin: true
    requiresBuild: true
    optionalDependencies:
      esbuild-android-64: 0.14.42
      esbuild-android-arm64: 0.14.42
      esbuild-darwin-64: 0.14.42
      esbuild-darwin-arm64: 0.14.42
      esbuild-freebsd-64: 0.14.42
      esbuild-freebsd-arm64: 0.14.42
      esbuild-linux-32: 0.14.42
      esbuild-linux-64: 0.14.42
      esbuild-linux-arm: 0.14.42
      esbuild-linux-arm64: 0.14.42
      esbuild-linux-mips64le: 0.14.42
      esbuild-linux-ppc64le: 0.14.42
      esbuild-linux-riscv64: 0.14.42
      esbuild-linux-s390x: 0.14.42
      esbuild-netbsd-64: 0.14.42
      esbuild-openbsd-64: 0.14.42
      esbuild-sunos-64: 0.14.42
      esbuild-windows-32: 0.14.42
      esbuild-windows-64: 0.14.42
      esbuild-windows-arm64: 0.14.42
    dev: true

  /escalade/3.1.1:
    resolution: {integrity: sha512-k0er2gUkLf8O0zKJiAhmkTnJlTvINGv7ygDNPbeIsX/TJjGJZHuh9B2UxbsaEkmlEo9MfhrSzmhIlhRlI2GXnw==}
    engines: {node: '>=6'}
    dev: true

  /estree-walker/2.0.2:
    resolution: {integrity: sha512-Rfkk/Mp/DL7JVje3u18FxFujQlTNR2q6QfMSMB7AvCBx91NGj/ba3kCfza0f6dVDbw7YlRf/nDrn7pQrCCyQ/w==}
    dev: true

  /extendable-media-recorder-wav-encoder-broker/7.0.67:
    resolution: {integrity: sha512-AXtiOuk2NviYM4H3cSp2bzLPM28pYR5NTJ9Gw7+YWppICqi3PHjXpOG6jHVb/AIvgYG4AX73UuSmJZUmxbtoWA==}
    dependencies:
      '@babel/runtime': 7.18.3
      broker-factory: 3.0.65
      extendable-media-recorder-wav-encoder-worker: 8.0.66
      tslib: 2.4.0
    dev: false

  /extendable-media-recorder-wav-encoder-worker/8.0.66:
    resolution: {integrity: sha512-tagYFsYKRVP3Afz7cu57DTEMRBBum1KnSU/bskMCwmfx0vbgwHhrNOct3zwD1MSbCxAgKy1/nsIpcZYMKGmSJw==}
    dependencies:
      '@babel/runtime': 7.18.3
      tslib: 2.4.0
      worker-factory: 6.0.65
    dev: false

  /extendable-media-recorder-wav-encoder/7.0.73:
    resolution: {integrity: sha512-tITv5EtY7ZeOKnLEUf74nOmcaGEMalDamqxrnmi2aVK6si45pitUmnRbjYcThykogwlN1zlIuvg153JyCkWTuQ==}
    dependencies:
      '@babel/runtime': 7.18.3
      extendable-media-recorder-wav-encoder-broker: 7.0.67
      extendable-media-recorder-wav-encoder-worker: 8.0.66
      tslib: 2.4.0
    dev: false

  /extendable-media-recorder/6.6.7:
    resolution: {integrity: sha512-/kEFVMZtJsHiiC0f7bjWRpqF8bAx86LEa9JCNgaedXTDS0AqZtOaj285LUtkpKT6I6rLQMNOkfDCMYjMWNthug==}
    dependencies:
      '@babel/runtime': 7.18.3
      media-encoder-host: 8.0.75
      multi-buffer-data-view: 3.0.19
      recorder-audio-worklet: 5.1.24
      standardized-audio-context: 25.3.28
      subscribable-things: 2.1.5
      tslib: 2.4.0
    dev: false

  /fast-glob/3.2.11:
    resolution: {integrity: sha512-xrO3+1bxSo3ZVHAnqzyuewYT6aMFHRAd4Kcs92MAonjwQZLsK9d0SF1IyQ3k5PoirxTW0Oe/RqFgMQ6TcNE5Ew==}
    engines: {node: '>=8.6.0'}
    dependencies:
      '@nodelib/fs.stat': 2.0.5
      '@nodelib/fs.walk': 1.2.8
      glob-parent: 5.1.2
      merge2: 1.4.1
      micromatch: 4.0.5
    dev: true

  /fast-unique-numbers/6.0.18:
    resolution: {integrity: sha512-HB9C9Kwn+bcWjjDHzxM8poxm5VjxCvXGkc/XijeeAMGGOlw423QjjqNVcVBx8HLRUAEvhrv6kYoD10x8bXJWuQ==}
    engines: {node: '>=12.20.1'}
    dependencies:
      '@babel/runtime': 7.18.3
      tslib: 2.4.0
    dev: false

  /fastq/1.13.0:
    resolution: {integrity: sha512-YpkpUnK8od0o1hmeSc7UUs/eB/vIPWJYjKck2QKIzAf71Vm1AAQ3EbuZB3g2JIy+pg+ERD0vqI79KyZiB2e2Nw==}
    dependencies:
      reusify: 1.0.4
    dev: true

  /fill-range/7.0.1:
    resolution: {integrity: sha512-qOo9F+dMUmC2Lcb4BbVvnKJxTPjCm+RRpe4gDuGrzkL7mEVl/djYSu2OdQ2Pa302N4oqkSg9ir6jaLWJ2USVpQ==}
    engines: {node: '>=8'}
    dependencies:
      to-regex-range: 5.0.1
    dev: true

  /fs.realpath/1.0.0:
    resolution: {integrity: sha512-OO0pH2lK6a0hZnAdau5ItzHPI6pUlvI7jMVnxUQRtw4owF2wk8lOSabtGDCTP4Ggrg2MbGnWO9X8K1t4+fGMDw==}
    dev: true

  /fsevents/2.3.2:
    resolution: {integrity: sha512-xiqMQR4xAeHTuB9uWm+fFRcIOgKBMiOBP+eXiyT7jsgVCq1bkVygt00oASowB7EdtpOHaaPgKt812P9ab+DDKA==}
    engines: {node: ^8.16.0 || ^10.6.0 || >=11.0.0}
    os: [darwin]
    requiresBuild: true
    dev: true
    optional: true

  /function-bind/1.1.1:
    resolution: {integrity: sha512-yIovAzMX49sF8Yl58fSCWJ5svSLuaibPxXQJFLmBObTuCr0Mf1KiPopGM9NiFjiYBCbfaa2Fh6breQ6ANVTI0A==}
    dev: true

  /get-caller-file/2.0.5:
    resolution: {integrity: sha512-DyFP3BM/3YHTQOCUL/w0OZHR0lpKeGrxotcHWcqNEdnltqFwXVfhEBQ94eIo34AfQpo0rGki4cyIiftY06h2Fg==}
    engines: {node: 6.* || 8.* || >= 10.*}
    dev: true

  /glob-parent/5.1.2:
    resolution: {integrity: sha512-AOIgSQCepiJYwP3ARnGx+5VnTu2HBYdzbGP45eLw1vr3zB3vZLeyed1sC9hnbcOc9/SrMyM5RPQrkGz4aS9Zow==}
    engines: {node: '>= 6'}
    dependencies:
      is-glob: 4.0.3
    dev: true

  /glob/7.2.3:
    resolution: {integrity: sha512-nFR0zLpU2YCaRxwoCJvL6UvCH2JFyFVIvwTLsIf21AuHlMskA1hhTdk+LlYJtOlYt9v6dvszD2BGRqBL+iQK9Q==}
    dependencies:
      fs.realpath: 1.0.0
      inflight: 1.0.6
      inherits: 2.0.4
      minimatch: 3.1.2
      once: 1.4.0
      path-is-absolute: 1.0.1
    dev: true

  /graceful-fs/4.2.10:
    resolution: {integrity: sha512-9ByhssR2fPVsNZj478qUUbKfmL0+t5BDVyjShtyZZLiK7ZDAArFFfopyOTj0M05wE2tJPisA4iTnnXl2YoPvOA==}
    dev: true

  /has-flag/4.0.0:
    resolution: {integrity: sha512-EykJT/Q1KjTWctppgIAgfSO0tKVuZUjhgMr17kqTumMl6Afv3EISleU7qZUzoXDFTAHTDC4NOoG/ZxU3EvlMPQ==}
    engines: {node: '>=8'}
    dev: true

  /has/1.0.3:
    resolution: {integrity: sha512-f2dvO0VU6Oej7RkWJGrehjbzMAjFp5/VKPp5tTpWIV4JHHZK1/BxbFRtf/siA2SWTe09caDmVtYYzWEIbBS4zw==}
    engines: {node: '>= 0.4.0'}
    dependencies:
      function-bind: 1.1.1
    dev: true

  /immutable/4.1.0:
    resolution: {integrity: sha512-oNkuqVTA8jqG1Q6c+UglTOD1xhC1BtjKI7XkCXRkZHrN5m18/XsnUp8Q89GkQO/z+0WjonSvl0FLhDYftp46nQ==}
    dev: true

  /import-fresh/3.3.0:
    resolution: {integrity: sha512-veYYhQa+D1QBKznvhUHxb8faxlrwUnxseDAbAp457E0wLNio2bOSKnjYDhMj+YiAq61xrMGhQk9iXVk5FzgQMw==}
    engines: {node: '>=6'}
    dependencies:
      parent-module: 1.0.1
      resolve-from: 4.0.0
    dev: true

  /indefinite-article/0.0.2:
    resolution: {integrity: sha512-Au/2XzRkvxq2J6w5uvSSbBKPZ5kzINx5F2wb0SF8xpRL8BP9Lav81TnRbfPp6p+SYjYxwaaLn4EUwI3/MmYKSw==}
    dev: false

  /inflight/1.0.6:
    resolution: {integrity: sha512-k92I/b08q4wvFscXCLvqfsHCrjrF7yiXsQuIVvVE7N82W3+aqpzuUdBbfhWcy/FZR3/4IgflMgKLOsvPDrGCJA==}
    dependencies:
      once: 1.4.0
      wrappy: 1.0.2
    dev: true

  /inherits/2.0.4:
    resolution: {integrity: sha512-k/vGaX4/Yla3WzyMCvTQOXYeIHvqOKtnqBduzTHpzpQZzAskKMhZ2K+EnBiSM9zGSoIFeMpXKxa4dYeZIQqewQ==}
    dev: true

  /is-binary-path/2.1.0:
    resolution: {integrity: sha512-ZMERYes6pDydyuGidse7OsHxtbI7WVeUEozgR/g7rd0xUimYNlvZRE/K2MgZTjWy725IfelLeVcEM97mmtRGXw==}
    engines: {node: '>=8'}
    dependencies:
      binary-extensions: 2.2.0
    dev: true

  /is-core-module/2.9.0:
    resolution: {integrity: sha512-+5FPy5PnwmO3lvfMb0AsoPaBG+5KHUI0wYFXOtYPnVVVspTFUuMZNfNaNVRt3FZadstu2c8x23vykRW/NBoU6A==}
    dependencies:
      has: 1.0.3
    dev: true

  /is-extglob/2.1.1:
    resolution: {integrity: sha512-SbKbANkN603Vi4jEZv49LeVJMn4yGwsbzZworEoyEiutsN3nJYdbO36zfhGJ6QEDpOZIFkDtnq5JRxmvl3jsoQ==}
    engines: {node: '>=0.10.0'}
    dev: true

  /is-fullwidth-code-point/3.0.0:
    resolution: {integrity: sha512-zymm5+u+sCsSWyD9qNaejV3DFvhCKclKdizYaJUuHA83RLjb7nSuGnddCHGv0hk+KY7BMAlsWeK4Ueg6EV6XQg==}
    engines: {node: '>=8'}
    dev: true

  /is-glob/4.0.3:
    resolution: {integrity: sha512-xelSayHH36ZgE7ZWhli7pW34hNbNl8Ojv5KVmkJD4hBdD3th8Tfk9vYasLM+mXWOZhFkgZfxhLSnrwRr4elSSg==}
    engines: {node: '>=0.10.0'}
    dependencies:
      is-extglob: 2.1.1
    dev: true

  /is-number/7.0.0:
    resolution: {integrity: sha512-41Cifkg6e8TylSpdtTpeLVMqvSBEVzTttHvERD741+pnZ8ANv0004MRL43QKPDlK9cGvNp6NZWZUBlbGXYxxng==}
    engines: {node: '>=0.12.0'}
    dev: true

  /kleur/4.1.4:
    resolution: {integrity: sha512-8QADVssbrFjivHWQU7KkMgptGTl6WAcSdlbBPY4uNF+mWr6DGcKrvY2w4FQJoXch7+fKMjj0dRrL75vk3k23OA==}
    engines: {node: '>=6'}
    dev: true

  /lodash/4.17.21:
    resolution: {integrity: sha512-v2kDEe57lecTulaDIuNTPy3Ry4gLGJ6Z1O3vE1krgXZNrsQ+LFTGHVxVjcXPs17LhbZVGedAJv8XZ1tvj5FvSg==}
    dev: true

  /magic-string/0.25.9:
    resolution: {integrity: sha512-RmF0AsMzgt25qzqqLc1+MbHmhdx0ojF2Fvs4XnOqz2ZOBXzzkEwc/dJQZCYHAn7v1jbVOjAZfK8msRn4BxO4VQ==}
    dependencies:
      sourcemap-codec: 1.4.8
    dev: true

  /magic-string/0.26.2:
    resolution: {integrity: sha512-NzzlXpclt5zAbmo6h6jNc8zl2gNRGHvmsZW4IvZhTC4W7k4OlLP+S5YLussa/r3ixNT66KOQfNORlXHSOy/X4A==}
    engines: {node: '>=12'}
    dependencies:
      sourcemap-codec: 1.4.8
    dev: true

  /media-encoder-host-broker/7.0.67:
    resolution: {integrity: sha512-50fkSxu24TXdctYcvMRGjtvemBNccE8k7Zl3yyIjVpYRFiqilYN8mkOJ+55RCXoeaDFKjG+XAbxZTURrV5ARcQ==}
    dependencies:
      '@babel/runtime': 7.18.3
      broker-factory: 3.0.65
      fast-unique-numbers: 6.0.18
      media-encoder-host-worker: 9.0.67
      tslib: 2.4.0
    dev: false

  /media-encoder-host-worker/9.0.67:
    resolution: {integrity: sha512-ulwF34fIj3Q9Zys0qz/VEciY4W0vD7NUl25j0Ga7B0Rq+mgjvsGaslsRMWYwe49BgkcXTnOGzwtyFKq1G447IA==}
    dependencies:
      '@babel/runtime': 7.18.3
      extendable-media-recorder-wav-encoder-broker: 7.0.67
      tslib: 2.4.0
      worker-factory: 6.0.65
    dev: false

  /media-encoder-host/8.0.75:
    resolution: {integrity: sha512-w8ugZFFregPAz5K0Nfr8HtglAHZkf5RmFstGsb6BwbbCIpupc4i7oDfa1yuHf6nlfyjwnTowTKelE/rQuZ/fgA==}
    dependencies:
      '@babel/runtime': 7.18.3
      media-encoder-host-broker: 7.0.67
      media-encoder-host-worker: 9.0.67
      tslib: 2.4.0
    dev: false

  /merge2/1.4.1:
    resolution: {integrity: sha512-8q7VEgMJW4J8tcfVPy8g09NcQwZdbwFEqhe/WZkoIzjn/3TGDwtOCYtXGxA3O8tPzpczCCDgv+P2P5y00ZJOOg==}
    engines: {node: '>= 8'}
    dev: true

  /micromatch/4.0.5:
    resolution: {integrity: sha512-DMy+ERcEW2q8Z2Po+WNXuw3c5YaUSFjAO5GsJqfEl7UjvtIuFKO6ZrKvcItdy98dwFI2N1tg3zNIdKaQT+aNdA==}
    engines: {node: '>=8.6'}
    dependencies:
      braces: 3.0.2
      picomatch: 2.3.1
    dev: true

  /min-indent/1.0.1:
    resolution: {integrity: sha512-I9jwMn07Sy/IwOj3zVkVik2JTvgpaykDZEigL6Rx6N9LbMywwUSMtxET+7lVoDLLd3O3IXwJwvuuns8UB/HeAg==}
    engines: {node: '>=4'}
    dev: true

  /minimatch/3.1.2:
    resolution: {integrity: sha512-J7p63hRiAjw1NDEww1W7i37+ByIrOWO5XQQAzZ3VOcL0PNybwpfmV/N05zFAzwQ9USyEcX6t3UO+K5aqBQOIHw==}
    dependencies:
      brace-expansion: 1.1.11
    dev: true

  /minimist/1.2.6:
    resolution: {integrity: sha512-Jsjnk4bw3YJqYzbdyBiNsPWHPfO++UGG749Cxs6peCu5Xg4nrena6OVxOYxrQTqww0Jmwt+Ref8rggumkTLz9Q==}
    dev: true

  /mkdirp/0.5.6:
    resolution: {integrity: sha512-FP+p8RB8OWpF3YZBCrP5gtADmtXApB5AMLn+vdyA+PyxCjrCs00mjyUozssO33cwDeT3wNGdLxJ5M//YqtHAJw==}
    hasBin: true
    dependencies:
      minimist: 1.2.6
    dev: true

  /mri/1.2.0:
    resolution: {integrity: sha512-tzzskb3bG8LvYGFF/mDTpq3jpI6Q9wc3LEmBaghu+DdCssd1FakN7Bc0hVNmEyGq1bq3RgfkCb3cmQLpNPOroA==}
    engines: {node: '>=4'}
    dev: true

  /ms/2.1.2:
    resolution: {integrity: sha512-sGkPx+VjMtmA6MX27oA4FBFELFCZZ4S4XqeGOXCv68tT+jb3vk/RyaKWP0PTKyWtmLSM0b+adUTEvbs1PEaH2w==}

  /multi-buffer-data-view/3.0.19:
    resolution: {integrity: sha512-w4RRwd+PDVwRsWIV44HQsscNWScunh0OKCDMSbyfyDNzjMnnl+H+TgNBaAdL2dExNxfabhgQYhBm3luehbL/iA==}
    engines: {node: '>=12.20.1'}
    dependencies:
      '@babel/runtime': 7.18.3
      tslib: 2.4.0
    dev: false

  /nanoid/3.3.4:
    resolution: {integrity: sha512-MqBkQh/OHTS2egovRtLk45wEyNXwF+cokD+1YPf9u5VfJiRdAiRwB2froX5Co9Rh20xs4siNPm8naNotSD6RBw==}
    engines: {node: ^10 || ^12 || ^13.7 || ^14 || >=15.0.1}
    hasBin: true
    dev: true

  /normalize-path/3.0.0:
    resolution: {integrity: sha512-6eZs5Ls3WtCisHWp9S2GUy8dqkpGi4BVSz3GaqiE6ezub0512ESztXUwUB6C6IKbQkY2Pnb/mD4WYojCRwcwLA==}
    engines: {node: '>=0.10.0'}
    dev: true

  /once/1.4.0:
    resolution: {integrity: sha512-lNaJgI+2Q5URQBkccEKHTQOPaXdUxnZZElQTZY0MFUAuaEqe1E+Nyvgdz/aIyNi6Z9MzO5dv1H8n58/GELp3+w==}
    dependencies:
      wrappy: 1.0.2
    dev: true

  /parent-module/1.0.1:
    resolution: {integrity: sha512-GQ2EWRpQV8/o+Aw8YqtfZZPfNRWZYkbidE9k5rpl/hC3vtHHBfGm2Ifi6qWV+coDGkrUKZAxE3Lot5kcsRlh+g==}
    engines: {node: '>=6'}
    dependencies:
      callsites: 3.1.0
    dev: true

  /path-is-absolute/1.0.1:
    resolution: {integrity: sha512-AVbw3UJ2e9bq64vSaS9Am0fje1Pa8pbGqTTsmXfaIiMpnr5DlDhfJOuLj9Sf95ZPVDAUerDfEk88MPmPe7UCQg==}
    engines: {node: '>=0.10.0'}
    dev: true

  /path-parse/1.0.7:
    resolution: {integrity: sha512-LDJzPVEEEPR+y48z93A0Ed0yXb8pAByGWo/k5YYdYgpY2/2EsOsksJrq7lOHxryrVOn1ejG6oAp8ahvOIQD8sw==}
    dev: true

  /picocolors/1.0.0:
    resolution: {integrity: sha512-1fygroTLlHu66zi26VoTDv8yRgm0Fccecssto+MhsZ0D/DGW2sm8E8AjW7NU5VVTRt5GxbeZ5qBuJr+HyLYkjQ==}
    dev: true

  /picomatch/2.3.1:
    resolution: {integrity: sha512-JU3teHTNjmE2VCGFzuY8EXzCDVwEqB2a8fsIvwaStHhAWJEeVd1o1QD80CU6+ZdEXXSLbSsuLwJjkCBWqRQUVA==}
    engines: {node: '>=8.6'}
    dev: true

  /postcss/8.4.14:
    resolution: {integrity: sha512-E398TUmfAYFPBSdzgeieK2Y1+1cpdxJx8yXbK/m57nRhKSmk1GB2tO4lbLBtlkfPQTDKfe4Xqv1ASWPpayPEig==}
    engines: {node: ^10 || ^12 || >=14}
    dependencies:
      nanoid: 3.3.4
      picocolors: 1.0.0
      source-map-js: 1.0.2
    dev: true

  /queue-microtask/1.2.3:
    resolution: {integrity: sha512-NuaNSa6flKT5JaSYQzJok04JzTL1CA6aGhv5rfLW3PgqA+M2ChpZQnAC8h8i4ZFkBS8X5RqkDBHA7r4hej3K9A==}
    dev: true

  /readdirp/3.6.0:
    resolution: {integrity: sha512-hOS089on8RduqdbhvQ5Z37A0ESjsqz6qnRcffsMU3495FuTdqSm+7bhJ29JvIOsBDEEnan5DPu9t3To9VRlMzA==}
    engines: {node: '>=8.10.0'}
    dependencies:
      picomatch: 2.3.1
    dev: true

  /recorder-audio-worklet-processor/4.2.13:
    resolution: {integrity: sha512-sgK+PlHZO4Q7dfBJb+t51QDsbP49YK/J+YSlpjgrDpU2nrsheefo1WV0xlJxA77LLxF/NukhLUfTlKYedRkShg==}
    dependencies:
      '@babel/runtime': 7.18.3
      tslib: 2.4.0
    dev: false

  /recorder-audio-worklet/5.1.24:
    resolution: {integrity: sha512-zdl4NHgA4OtIlMRlVrCk4eteqfFIWcAEzmk/JYFybp1kcQ5K43csKIBkdXdyRtqwRVgGM5kLHFcjSKclllvVMw==}
    dependencies:
      '@babel/runtime': 7.18.3
      broker-factory: 3.0.65
      fast-unique-numbers: 6.0.18
      recorder-audio-worklet-processor: 4.2.13
      standardized-audio-context: 25.3.28
      subscribable-things: 2.1.5
      tslib: 2.4.0
      worker-factory: 6.0.65
    dev: false

  /regenerator-runtime/0.13.9:
    resolution: {integrity: sha512-p3VT+cOEgxFsRRA9X4lkI1E+k2/CtnKtU4gcxyaCUreilL/vqI6CdZ3wxVUx3UOUg+gnUOQQcRI7BmSI656MYA==}
    dev: false

  /require-directory/2.1.1:
    resolution: {integrity: sha512-fGxEI7+wsG9xrvdjsrlmL22OMTTiHRwAMroiEeMgq8gzoLC/PQr7RsRDSTLUg/bZAZtF+TVIkHc6/4RIKrui+Q==}
    engines: {node: '>=0.10.0'}
    dev: true

  /resolve-from/4.0.0:
    resolution: {integrity: sha512-pb/MYmXstAkysRFx8piNI1tGFNQIFA3vkE3Gq4EuA1dF6gHp/+vgZqsCGJapvy8N3Q+4o7FwvquPJcnZ7RYy4g==}
    engines: {node: '>=4'}
    dev: true

  /resolve/1.22.0:
    resolution: {integrity: sha512-Hhtrw0nLeSrFQ7phPp4OOcVjLPIeMnRlr5mcnVuMe7M/7eBn98A3hmFRLoFo3DLZkivSYwhRUJTyPyWAk56WLw==}
    hasBin: true
    dependencies:
      is-core-module: 2.9.0
      path-parse: 1.0.7
      supports-preserve-symlinks-flag: 1.0.0
    dev: true

  /reusify/1.0.4:
    resolution: {integrity: sha512-U9nH88a3fc/ekCF1l0/UP1IosiuIjyTh7hBvXVMHYgVcfGvt897Xguj2UOLDeI5BG2m7/uwyaLVT6fbtCwTyzw==}
    engines: {iojs: '>=1.0.0', node: '>=0.10.0'}
    dev: true

  /rimraf/2.7.1:
    resolution: {integrity: sha512-uWjbaKIK3T1OSVptzX7Nl6PvQ3qAGtKEtVRjRuazjfL3Bx5eI409VZSqgND+4UNnmzLVdPj9FqFJNPqBZFve4w==}
    hasBin: true
    dependencies:
      glob: 7.2.3
    dev: true

  /rollup/2.75.5:
    resolution: {integrity: sha512-JzNlJZDison3o2mOxVmb44Oz7t74EfSd1SQrplQk0wSaXV7uLQXtVdHbxlcT3w+8tZ1TL4r/eLfc7nAbz38BBA==}
    engines: {node: '>=10.0.0'}
    hasBin: true
    optionalDependencies:
      fsevents: 2.3.2
    dev: true

  /run-parallel/1.2.0:
    resolution: {integrity: sha512-5l4VyZR86LZ/lDxZTR6jqL8AFE2S0IFLMP26AbjsLVADxHdhB/c0GUsH+y39UfCi3dzz8OlQuPmnaJOMoDHQBA==}
    dependencies:
      queue-microtask: 1.2.3
    dev: true

  /rxjs-interop/2.0.0:
    resolution: {integrity: sha512-ASEq9atUw7lualXB+knvgtvwkCEvGWV2gDD/8qnASzBkzEARZck9JAyxmY8OS6Nc1pCPEgDTKNcx+YqqYfzArw==}
    dev: false

  /rxjs/6.6.7:
    resolution: {integrity: sha512-hTdwr+7yYNIT5n4AMYp85KA6yw2Va0FLa3Rguvbpa4W3I5xynaBZo41cM3XM+4Q6fRMj3sBYIR1VAmZMXYJvRQ==}
    engines: {npm: '>=2.0.0'}
    dependencies:
      tslib: 1.14.1
    dev: true

  /sade/1.8.1:
    resolution: {integrity: sha512-xal3CZX1Xlo/k4ApwCFrHVACi9fBqJ7V+mwhBsuf/1IOKbBy098Fex+Wa/5QMubw09pSZ/u8EY8PWgevJsXp1A==}
    engines: {node: '>=6'}
    dependencies:
      mri: 1.2.0
    dev: true

  /sander/0.5.1:
    resolution: {integrity: sha1-dB4kXiMfB8r7b98PEzrfohalAq0=}
    dependencies:
      es6-promise: 3.3.1
      graceful-fs: 4.2.10
      mkdirp: 0.5.6
      rimraf: 2.7.1
    dev: true

  /sass/1.52.2:
    resolution: {integrity: sha512-mfHB2VSeFS7sZlPv9YohB9GB7yWIgQNTGniQwfQ04EoQN0wsQEv7SwpCwy/x48Af+Z3vDeFXz+iuXM3HK/phZQ==}
    engines: {node: '>=12.0.0'}
    hasBin: true
    dependencies:
      chokidar: 3.5.3
      immutable: 4.1.0
      source-map-js: 1.0.2
    dev: true

  /shell-quote/1.7.3:
    resolution: {integrity: sha512-Vpfqwm4EnqGdlsBFNmHhxhElJYrdfcxPThu+ryKS5J8L/fhAwLazFZtq+S+TWZ9ANj2piSQLGj6NQg+lKPmxrw==}
    dev: true

  /socket.io-client/4.5.1:
    resolution: {integrity: sha512-e6nLVgiRYatS+AHXnOnGi4ocOpubvOUCGhyWw8v+/FxW8saHkinG6Dfhi9TU0Kt/8mwJIAASxvw6eujQmjdZVA==}
    engines: {node: '>=10.0.0'}
    dependencies:
      '@socket.io/component-emitter': 3.1.0
      debug: 4.3.4
      engine.io-client: 6.2.2
      socket.io-parser: 4.2.0
    transitivePeerDependencies:
      - bufferutil
      - supports-color
      - utf-8-validate
    dev: false

  /socket.io-parser/4.2.0:
    resolution: {integrity: sha512-tLfmEwcEwnlQTxFB7jibL/q2+q8dlVQzj4JdRLJ/W/G1+Fu9VSxCx1Lo+n1HvXxKnM//dUuD0xgiA7tQf57Vng==}
    engines: {node: '>=10.0.0'}
    dependencies:
      '@socket.io/component-emitter': 3.1.0
      debug: 4.3.4
    transitivePeerDependencies:
      - supports-color
    dev: false

  /sorcery/0.10.0:
    resolution: {integrity: sha1-iukK19fLBfxZ8asMY3hF1cFaUrc=}
    hasBin: true
    dependencies:
      buffer-crc32: 0.2.13
      minimist: 1.2.6
      sander: 0.5.1
      sourcemap-codec: 1.4.8
    dev: true

  /source-map-js/1.0.2:
    resolution: {integrity: sha512-R0XvVJ9WusLiqTCEiGCmICCMplcCkIwwR11mOSD9CR5u+IXYdiseeEuXCVAjS54zqwkLcPNnmU4OeJ6tUrWhDw==}
    engines: {node: '>=0.10.0'}
    dev: true

  /sourcemap-codec/1.4.8:
    resolution: {integrity: sha512-9NykojV5Uih4lgo5So5dtw+f0JgJX30KCNI8gwhz2J9A15wD0Ml6tjHKwf6fTSa6fAdVBdZeNOs9eJ71qCk8vA==}
    dev: true

  /spawn-command/0.0.2-1:
    resolution: {integrity: sha512-n98l9E2RMSJ9ON1AKisHzz7V42VDiBQGY6PB1BwRglz99wpVsSuGzQ+jOi6lFXBGVTCrRpltvjm+/XA+tpeJrg==}
    dev: true

  /standardized-audio-context/25.3.28:
    resolution: {integrity: sha512-w3TIDQ2z5iA76A3qFjL/knf45BAwHYAqQmDNlDrlE2El89kFKv43TjiN94N0joiMr7G3CRmO1bOuQ7wopDon9g==}
    dependencies:
      '@babel/runtime': 7.18.3
      automation-events: 4.0.19
      tslib: 2.4.0
    dev: false

  /string-width/4.2.3:
    resolution: {integrity: sha512-wKyQRQpjJ0sIp62ErSZdGsjMJWsap5oRNihHhu6G7JVO/9jIB6UyevL+tXuOqrng8j/cxKTWyWUwvSTriiZz/g==}
    engines: {node: '>=8'}
    dependencies:
      emoji-regex: 8.0.0
      is-fullwidth-code-point: 3.0.0
      strip-ansi: 6.0.1
    dev: true

  /strip-ansi/6.0.1:
    resolution: {integrity: sha512-Y38VPSHcqkFrCpFnQ9vuSXmquuv5oXOKpGeT6aGrr3o3Gc9AlVa6JBfUSOCnbxGGZF+/0ooI7KrPuUSztUdU5A==}
    engines: {node: '>=8'}
    dependencies:
      ansi-regex: 5.0.1
    dev: true

  /strip-indent/3.0.0:
    resolution: {integrity: sha512-laJTa3Jb+VQpaC6DseHhF7dXVqHTfJPCRDaEbid/drOhgitgYku/letMUqOXFoWV0zIIUbjpdH2t+tYj4bQMRQ==}
    engines: {node: '>=8'}
    dependencies:
      min-indent: 1.0.1
    dev: true

  /subscribable-things/2.1.5:
    resolution: {integrity: sha512-uxIRhQF+KxhBecK3hHso/6EvPEtMjl5KxOLdo0efzga2Yh/jmCXpmHZOByTV3cfYFlw7AfkBstO6iY350wlj/Q==}
    dependencies:
      '@babel/runtime': 7.18.3
      rxjs-interop: 2.0.0
      tslib: 2.4.0
    dev: false

  /supports-color/7.2.0:
    resolution: {integrity: sha512-qpCAvRl9stuOHveKsn7HncJRvv501qIacKzQlO/+Lwxc9+0q2wLyv4Dfvt80/DPn2pqOBsJdDiogXGR9+OvwRw==}
    engines: {node: '>=8'}
    dependencies:
      has-flag: 4.0.0
    dev: true

  /supports-color/8.1.1:
    resolution: {integrity: sha512-MpUEN2OodtUzxvKQl72cUF7RQ5EiHsGvSsVG0ia9c5RbWGL2CI4C7EpPS8UTBIplnlzZiNuV56w+FuNxy3ty2Q==}
    engines: {node: '>=10'}
    dependencies:
      has-flag: 4.0.0
    dev: true

  /supports-preserve-symlinks-flag/1.0.0:
    resolution: {integrity: sha512-ot0WnXS9fgdkgIcePe6RHNk1WA8+muPa6cSjeR3V8K27q9BB1rTE3R1p7Hv0z1ZyAc8s6Vvv8DIyWf681MAt0w==}
    engines: {node: '>= 0.4'}
    dev: true

  /svelte-check/2.7.2_sass@1.52.2+svelte@3.48.0:
    resolution: {integrity: sha512-TuVX4YtXHbRM8sVuK5Jk+mKWdm3f0d6hvAC6qCTp8yUszGZewpEBCo2V5fRWZCiz+0J4OCiDHOS+DFMxv39rJA==}
    hasBin: true
    peerDependencies:
      svelte: ^3.24.0
    dependencies:
      '@jridgewell/trace-mapping': 0.3.13
      chokidar: 3.5.3
      fast-glob: 3.2.11
      import-fresh: 3.3.0
      picocolors: 1.0.0
      sade: 1.8.1
      svelte: 3.48.0
      svelte-preprocess: 4.10.7_qkexsrbgfwouorfsttztq6wl2m
      typescript: 4.7.3
    transitivePeerDependencies:
      - '@babel/core'
      - coffeescript
      - less
      - node-sass
      - postcss
      - postcss-load-config
      - pug
      - sass
      - stylus
      - sugarss
    dev: true

  /svelte-hmr/0.14.12_svelte@3.48.0:
    resolution: {integrity: sha512-4QSW/VvXuqVcFZ+RhxiR8/newmwOCTlbYIezvkeN6302YFRE8cXy0naamHcjz8Y9Ce3ITTZtrHrIL0AGfyo61w==}
    engines: {node: ^12.20 || ^14.13.1 || >= 16}
    peerDependencies:
      svelte: '>=3.19.0'
    dependencies:
      svelte: 3.48.0
    dev: true

  /svelte-preprocess/4.10.7_qkexsrbgfwouorfsttztq6wl2m:
    resolution: {integrity: sha512-sNPBnqYD6FnmdBrUmBCaqS00RyCsCpj2BG58A1JBswNF7b0OKviwxqVrOL/CKyJrLSClrSeqQv5BXNg2RUbPOw==}
    engines: {node: '>= 9.11.2'}
    requiresBuild: true
    peerDependencies:
      '@babel/core': ^7.10.2
      coffeescript: ^2.5.1
      less: ^3.11.3 || ^4.0.0
      node-sass: '*'
      postcss: ^7 || ^8
      postcss-load-config: ^2.1.0 || ^3.0.0 || ^4.0.0
      pug: ^3.0.0
      sass: ^1.26.8
      stylus: ^0.55.0
      sugarss: ^2.0.0
      svelte: ^3.23.0
      typescript: ^3.9.5 || ^4.0.0
    peerDependenciesMeta:
      '@babel/core':
        optional: true
      coffeescript:
        optional: true
      less:
        optional: true
      node-sass:
        optional: true
      postcss:
        optional: true
      postcss-load-config:
        optional: true
      pug:
        optional: true
      sass:
        optional: true
      stylus:
        optional: true
      sugarss:
        optional: true
      typescript:
        optional: true
    dependencies:
      '@types/pug': 2.0.6
      '@types/sass': 1.43.1
      detect-indent: 6.1.0
      magic-string: 0.25.9
      sass: 1.52.2
      sorcery: 0.10.0
      strip-indent: 3.0.0
      svelte: 3.48.0
      typescript: 4.7.3
    dev: true

  /svelte/3.48.0:
    resolution: {integrity: sha512-fN2YRm/bGumvjUpu6yI3BpvZnpIm9I6A7HR4oUNYd7ggYyIwSA/BX7DJ+UXXffLp6XNcUijyLvttbPVCYa/3xQ==}
    engines: {node: '>= 8'}
    dev: true

  /to-regex-range/5.0.1:
    resolution: {integrity: sha512-65P7iz6X5yEr1cwcgvQxbbIw7Uk3gOy5dIdtZ4rDveLqhrdJP+Li/Hx6tyK0NEb+2GCyneCMJiGqrADCSNk8sQ==}
    engines: {node: '>=8.0'}
    dependencies:
      is-number: 7.0.0
    dev: true

  /tree-kill/1.2.2:
    resolution: {integrity: sha512-L0Orpi8qGpRG//Nd+H90vFB+3iHnue1zSSGmNOOCh1GLJ7rUKVwV2HvijphGQS2UmhUZewS9VgvxYIdgr+fG1A==}
    hasBin: true
    dev: true

  /tslib/1.14.1:
    resolution: {integrity: sha512-Xni35NKzjgMrwevysHTCArtLDpPvye8zV/0E4EyYn43P7/7qvQwPh9BGkHewbMulVntbigmcT7rdX3BNo9wRJg==}
    dev: true

  /tslib/2.4.0:
    resolution: {integrity: sha512-d6xOpEDfsi2CZVlPQzGeux8XMwLT9hssAsaPYExaQMuYskwb+x1x7J371tWlbBdWHroy99KnVB6qIkUbs5X3UQ==}

  /typescript/4.7.3:
    resolution: {integrity: sha512-WOkT3XYvrpXx4vMMqlD+8R8R37fZkjyLGlxavMc4iB8lrl8L0DeTcHbYgw/v0N/z9wAFsgBhcsF0ruoySS22mA==}
    engines: {node: '>=4.2.0'}
    hasBin: true
    dev: true

  /vite/2.9.9_sass@1.52.2:
    resolution: {integrity: sha512-ffaam+NgHfbEmfw/Vuh6BHKKlI/XIAhxE5QSS7gFLIngxg171mg1P3a4LSRME0z2ZU1ScxoKzphkipcYwSD5Ew==}
    engines: {node: '>=12.2.0'}
    hasBin: true
    peerDependencies:
      less: '*'
      sass: '*'
      stylus: '*'
    peerDependenciesMeta:
      less:
        optional: true
      sass:
        optional: true
      stylus:
        optional: true
    dependencies:
      esbuild: 0.14.42
      postcss: 8.4.14
      resolve: 1.22.0
      rollup: 2.75.5
      sass: 1.52.2
    optionalDependencies:
      fsevents: 2.3.2
    dev: true

  /worker-factory/6.0.65:
    resolution: {integrity: sha512-94UnSG5Y164ujaWc7+exuRC9MDci1bfEM8I3qr7k4yjuWa0orgaOgUBwTtdH8HEUtmE9O5O+khAFulGzuief0Q==}
    dependencies:
      '@babel/runtime': 7.18.3
      compilerr: 9.0.19
      fast-unique-numbers: 6.0.18
      tslib: 2.4.0
    dev: false

  /wrap-ansi/7.0.0:
    resolution: {integrity: sha512-YVGIj2kamLSTxw6NsZjoBxfSwsn0ycdesmc4p+Q21c5zPuZ1pl+NfxVdxPtdHvmNVOQ6XSYG4AUtyt/Fi7D16Q==}
    engines: {node: '>=10'}
    dependencies:
      ansi-styles: 4.3.0
      string-width: 4.2.3
      strip-ansi: 6.0.1
    dev: true

  /wrappy/1.0.2:
    resolution: {integrity: sha1-tSQ9jz7BqjXxNkYFvA0QNuMKtp8=}
    dev: true

  /ws/8.2.3:
    resolution: {integrity: sha512-wBuoj1BDpC6ZQ1B7DWQBYVLphPWkm8i9Y0/3YdHjHKHiohOJ1ws+3OccDWtH+PoC9DZD5WOTrJvNbWvjS6JWaA==}
    engines: {node: '>=10.0.0'}
    peerDependencies:
      bufferutil: ^4.0.1
      utf-8-validate: ^5.0.2
    peerDependenciesMeta:
      bufferutil:
        optional: true
      utf-8-validate:
        optional: true
    dev: false

  /xmlhttprequest-ssl/2.0.0:
    resolution: {integrity: sha512-QKxVRxiRACQcVuQEYFsI1hhkrMlrXHPegbbd1yn9UHOmRxY+si12nQYzri3vbzt8VdTTRviqcKxcyllFas5z2A==}
    engines: {node: '>=0.4.0'}
    dev: false

  /y18n/5.0.8:
    resolution: {integrity: sha512-0pfFzegeDWJHJIAmTLRP2DwHjdF5s7jo9tuztdQxAhINCdvS+3nGINqPd00AphqJR/0LhANUS6/+7SCb98YOfA==}
    engines: {node: '>=10'}
    dev: true

  /yargs-parser/21.0.1:
    resolution: {integrity: sha512-9BK1jFpLzJROCI5TzwZL/TU4gqjK5xiHV/RfWLOahrjAko/e4DJkRDZQXfvqAsiZzzYhgAzbgz6lg48jcm4GLg==}
    engines: {node: '>=12'}
    dev: true

  /yargs/17.5.1:
    resolution: {integrity: sha512-t6YAJcxDkNX7NFYiVtKvWUz8l+PaKTLiL63mJYWR2GnHq2gjEWISzsLp9wg3aY36dY1j+gfIEL3pIF+XlJJfbA==}
    engines: {node: '>=12'}
    dependencies:
      cliui: 7.0.4
      escalade: 3.1.1
      get-caller-file: 2.0.5
      require-directory: 2.1.1
      string-width: 4.2.3
      y18n: 5.0.8
      yargs-parser: 21.0.1
    dev: true
